// !$*UTF8*$!
{
	archiveVersion = 1;
	classes = {
	};
	objectVersion = 46;
	objects = {

/* Begin PBXBuildFile section */
		5A2699871AACEC5D0018D393 /* NibDesignable.swift in Sources */ = {isa = PBXBuildFile; fileRef = 5A2699861AACEC5D0018D393 /* NibDesignable.swift */; };
		5A2699891AAD0ED00018D393 /* ProfileViewController.swift in Sources */ = {isa = PBXBuildFile; fileRef = 5A2699881AAD0ED00018D393 /* ProfileViewController.swift */; };
		5A26998B1AAD194A0018D393 /* Hoot.swift in Sources */ = {isa = PBXBuildFile; fileRef = 5A26998A1AAD194A0018D393 /* Hoot.swift */; };
		5A37D18A1A7D9170006AAC65 /* SingleHootViewController.swift in Sources */ = {isa = PBXBuildFile; fileRef = 5A37D1891A7D9170006AAC65 /* SingleHootViewController.swift */; };
		5A37D1931A7DD60D006AAC65 /* CommentView.xib in Resources */ = {isa = PBXBuildFile; fileRef = 5A37D1921A7DD60D006AAC65 /* CommentView.xib */; };
		5A37D1951A7DD7EB006AAC65 /* CommentView.swift in Sources */ = {isa = PBXBuildFile; fileRef = 5A37D1941A7DD7EB006AAC65 /* CommentView.swift */; };
		5A59CB771ABB4EEB00C6085F /* UIButton+MinBox.swift in Sources */ = {isa = PBXBuildFile; fileRef = 5A59CB761ABB4EEB00C6085F /* UIButton+MinBox.swift */; };
		5A61AB1C1A900D2A00B06495 /* CoreData.framework in Frameworks */ = {isa = PBXBuildFile; fileRef = 5A61AB1B1A900D2A00B06495 /* CoreData.framework */; };
		5A61AB201A900E6400B06495 /* Hootly.xcdatamodeld in Sources */ = {isa = PBXBuildFile; fileRef = 5A61AB1E1A900E6400B06495 /* Hootly.xcdatamodeld */; };
		5A716FFA1A9D69B00023F705 /* NSMutableData+MultipartFormData.m in Sources */ = {isa = PBXBuildFile; fileRef = 5A716FF91A9D69B00023F705 /* NSMutableData+MultipartFormData.m */; };
		5A8248101A92B4630055E334 /* HootAPIToCoreData.swift in Sources */ = {isa = PBXBuildFile; fileRef = 5A82480F1A92B4630055E334 /* HootAPIToCoreData.swift */; };
		5A94E2FB1A74940300CA1CB8 /* AppDelegate.swift in Sources */ = {isa = PBXBuildFile; fileRef = 5A94E2FA1A74940300CA1CB8 /* AppDelegate.swift */; };
		5A94E2FD1A74940300CA1CB8 /* ViewController.swift in Sources */ = {isa = PBXBuildFile; fileRef = 5A94E2FC1A74940300CA1CB8 /* ViewController.swift */; };
		5A94E3001A74940300CA1CB8 /* Main.storyboard in Resources */ = {isa = PBXBuildFile; fileRef = 5A94E2FE1A74940300CA1CB8 /* Main.storyboard */; };
		5A94E3021A74940300CA1CB8 /* Images.xcassets in Resources */ = {isa = PBXBuildFile; fileRef = 5A94E3011A74940300CA1CB8 /* Images.xcassets */; };
		5A94E3051A74940300CA1CB8 /* LaunchScreen.xib in Resources */ = {isa = PBXBuildFile; fileRef = 5A94E3031A74940300CA1CB8 /* LaunchScreen.xib */; };
		5A94E3111A74940300CA1CB8 /* HootlyTests.swift in Sources */ = {isa = PBXBuildFile; fileRef = 5A94E3101A74940300CA1CB8 /* HootlyTests.swift */; };
		5A94E31D1A749F6600CA1CB8 /* HootCell.swift in Sources */ = {isa = PBXBuildFile; fileRef = 5A94E31C1A749F6600CA1CB8 /* HootCell.swift */; };
		5A97686A1A88086E00229E7E /* NewHootViewController.swift in Sources */ = {isa = PBXBuildFile; fileRef = 5A9768691A88086E00229E7E /* NewHootViewController.swift */; };
		5A9768701A88262D00229E7E /* CommentFormView.swift in Sources */ = {isa = PBXBuildFile; fileRef = 5A97686F1A88262D00229E7E /* CommentFormView.swift */; };
		5A9768741A88492B00229E7E /* SZTextView.m in Sources */ = {isa = PBXBuildFile; fileRef = 5A9768731A88492B00229E7E /* SZTextView.m */; };
		5AAFBE161A9446D5009003B9 /* Hoot+ImageForTableView.swift in Sources */ = {isa = PBXBuildFile; fileRef = 5AAFBE151A9446D5009003B9 /* Hoot+ImageForTableView.swift */; };
		5ACCCE171A9D97F3000BD67C /* SingleCommentCell.swift in Sources */ = {isa = PBXBuildFile; fileRef = 5ACCCE161A9D97F3000BD67C /* SingleCommentCell.swift */; };
		5ADAE5C61AA43B3C00BC4449 /* HootComment.swift in Sources */ = {isa = PBXBuildFile; fileRef = 5ADAE5C51AA43B3C00BC4449 /* HootComment.swift */; };
		D12280BE1A87F2F100CDDFB8 /* CommentFormView.xib in Resources */ = {isa = PBXBuildFile; fileRef = D12280BD1A87F2F100CDDFB8 /* CommentFormView.xib */; };
		D1839CBB1A9192FA00C87B19 /* LocationPrompt.swift in Sources */ = {isa = PBXBuildFile; fileRef = D1839CBA1A9192FA00C87B19 /* LocationPrompt.swift */; };
/* End PBXBuildFile section */

/* Begin PBXContainerItemProxy section */
		5A94E30B1A74940300CA1CB8 /* PBXContainerItemProxy */ = {
			isa = PBXContainerItemProxy;
			containerPortal = 5A94E2ED1A74940300CA1CB8 /* Project object */;
			proxyType = 1;
			remoteGlobalIDString = 5A94E2F41A74940300CA1CB8;
			remoteInfo = Hootly;
		};
/* End PBXContainerItemProxy section */

/* Begin PBXFileReference section */
		5A2699861AACEC5D0018D393 /* NibDesignable.swift */ = {isa = PBXFileReference; fileEncoding = 4; lastKnownFileType = sourcecode.swift; path = NibDesignable.swift; sourceTree = "<group>"; };
		5A2699881AAD0ED00018D393 /* ProfileViewController.swift */ = {isa = PBXFileReference; fileEncoding = 4; lastKnownFileType = sourcecode.swift; path = ProfileViewController.swift; sourceTree = "<group>"; };
		5A26998A1AAD194A0018D393 /* Hoot.swift */ = {isa = PBXFileReference; fileEncoding = 4; lastKnownFileType = sourcecode.swift; path = Hoot.swift; sourceTree = "<group>"; };
		5A37D1891A7D9170006AAC65 /* SingleHootViewController.swift */ = {isa = PBXFileReference; fileEncoding = 4; lastKnownFileType = sourcecode.swift; path = SingleHootViewController.swift; sourceTree = "<group>"; };
		5A37D1921A7DD60D006AAC65 /* CommentView.xib */ = {isa = PBXFileReference; fileEncoding = 4; lastKnownFileType = file.xib; path = CommentView.xib; sourceTree = "<group>"; };
		5A37D1941A7DD7EB006AAC65 /* CommentView.swift */ = {isa = PBXFileReference; fileEncoding = 4; lastKnownFileType = sourcecode.swift; path = CommentView.swift; sourceTree = "<group>"; };
		5A59CB761ABB4EEB00C6085F /* UIButton+MinBox.swift */ = {isa = PBXFileReference; fileEncoding = 4; lastKnownFileType = sourcecode.swift; path = "UIButton+MinBox.swift"; sourceTree = "<group>"; };
		5A61AB1B1A900D2A00B06495 /* CoreData.framework */ = {isa = PBXFileReference; lastKnownFileType = wrapper.framework; name = CoreData.framework; path = System/Library/Frameworks/CoreData.framework; sourceTree = SDKROOT; };
		5A61AB1F1A900E6400B06495 /* Hootly.xcdatamodel */ = {isa = PBXFileReference; lastKnownFileType = wrapper.xcdatamodel; path = Hootly.xcdatamodel; sourceTree = "<group>"; };
		5A716FF81A9D69B00023F705 /* NSMutableData+MultipartFormData.h */ = {isa = PBXFileReference; fileEncoding = 4; lastKnownFileType = sourcecode.c.h; path = "NSMutableData+MultipartFormData.h"; sourceTree = "<group>"; };
		5A716FF91A9D69B00023F705 /* NSMutableData+MultipartFormData.m */ = {isa = PBXFileReference; fileEncoding = 4; lastKnownFileType = sourcecode.c.objc; path = "NSMutableData+MultipartFormData.m"; sourceTree = "<group>"; };
		5A82480F1A92B4630055E334 /* HootAPIToCoreData.swift */ = {isa = PBXFileReference; fileEncoding = 4; lastKnownFileType = sourcecode.swift; path = HootAPIToCoreData.swift; sourceTree = "<group>"; };
		5A94E2F51A74940300CA1CB8 /* Hootly.app */ = {isa = PBXFileReference; explicitFileType = wrapper.application; includeInIndex = 0; path = Hootly.app; sourceTree = BUILT_PRODUCTS_DIR; };
		5A94E2F91A74940300CA1CB8 /* Info.plist */ = {isa = PBXFileReference; lastKnownFileType = text.plist.xml; path = Info.plist; sourceTree = "<group>"; };
		5A94E2FA1A74940300CA1CB8 /* AppDelegate.swift */ = {isa = PBXFileReference; lastKnownFileType = sourcecode.swift; path = AppDelegate.swift; sourceTree = "<group>"; };
		5A94E2FC1A74940300CA1CB8 /* ViewController.swift */ = {isa = PBXFileReference; lastKnownFileType = sourcecode.swift; path = ViewController.swift; sourceTree = "<group>"; };
		5A94E2FF1A74940300CA1CB8 /* Base */ = {isa = PBXFileReference; lastKnownFileType = file.storyboard; name = Base; path = Base.lproj/Main.storyboard; sourceTree = "<group>"; };
		5A94E3011A74940300CA1CB8 /* Images.xcassets */ = {isa = PBXFileReference; lastKnownFileType = folder.assetcatalog; path = Images.xcassets; sourceTree = "<group>"; };
		5A94E3041A74940300CA1CB8 /* Base */ = {isa = PBXFileReference; lastKnownFileType = file.xib; name = Base; path = Base.lproj/LaunchScreen.xib; sourceTree = "<group>"; };
		5A94E30A1A74940300CA1CB8 /* HootlyTests.xctest */ = {isa = PBXFileReference; explicitFileType = wrapper.cfbundle; includeInIndex = 0; path = HootlyTests.xctest; sourceTree = BUILT_PRODUCTS_DIR; };
		5A94E30F1A74940300CA1CB8 /* Info.plist */ = {isa = PBXFileReference; lastKnownFileType = text.plist.xml; path = Info.plist; sourceTree = "<group>"; };
		5A94E3101A74940300CA1CB8 /* HootlyTests.swift */ = {isa = PBXFileReference; lastKnownFileType = sourcecode.swift; path = HootlyTests.swift; sourceTree = "<group>"; };
		5A94E31C1A749F6600CA1CB8 /* HootCell.swift */ = {isa = PBXFileReference; fileEncoding = 4; lastKnownFileType = sourcecode.swift; path = HootCell.swift; sourceTree = "<group>"; };
		5A9768691A88086E00229E7E /* NewHootViewController.swift */ = {isa = PBXFileReference; fileEncoding = 4; lastKnownFileType = sourcecode.swift; path = NewHootViewController.swift; sourceTree = "<group>"; };
		5A97686F1A88262D00229E7E /* CommentFormView.swift */ = {isa = PBXFileReference; fileEncoding = 4; lastKnownFileType = sourcecode.swift; path = CommentFormView.swift; sourceTree = "<group>"; };
		5A9768711A88492A00229E7E /* Hootly-Bridging-Header.h */ = {isa = PBXFileReference; lastKnownFileType = sourcecode.c.h; path = "Hootly-Bridging-Header.h"; sourceTree = "<group>"; };
		5A9768721A88492B00229E7E /* SZTextView.h */ = {isa = PBXFileReference; fileEncoding = 4; lastKnownFileType = sourcecode.c.h; path = SZTextView.h; sourceTree = "<group>"; };
		5A9768731A88492B00229E7E /* SZTextView.m */ = {isa = PBXFileReference; fileEncoding = 4; lastKnownFileType = sourcecode.c.objc; path = SZTextView.m; sourceTree = "<group>"; };
		5AAFBE151A9446D5009003B9 /* Hoot+ImageForTableView.swift */ = {isa = PBXFileReference; fileEncoding = 4; lastKnownFileType = sourcecode.swift; path = "Hoot+ImageForTableView.swift"; sourceTree = "<group>"; };
		5ACCCE161A9D97F3000BD67C /* SingleCommentCell.swift */ = {isa = PBXFileReference; fileEncoding = 4; lastKnownFileType = sourcecode.swift; path = SingleCommentCell.swift; sourceTree = "<group>"; };
		5ADAE5C51AA43B3C00BC4449 /* HootComment.swift */ = {isa = PBXFileReference; fileEncoding = 4; lastKnownFileType = sourcecode.swift; path = HootComment.swift; sourceTree = "<group>"; };
		D12280BD1A87F2F100CDDFB8 /* CommentFormView.xib */ = {isa = PBXFileReference; fileEncoding = 4; lastKnownFileType = file.xib; path = CommentFormView.xib; sourceTree = "<group>"; };
		D1839CBA1A9192FA00C87B19 /* LocationPrompt.swift */ = {isa = PBXFileReference; fileEncoding = 4; lastKnownFileType = sourcecode.swift; path = LocationPrompt.swift; sourceTree = "<group>"; };
/* End PBXFileReference section */

/* Begin PBXFrameworksBuildPhase section */
		5A94E2F21A74940300CA1CB8 /* Frameworks */ = {
			isa = PBXFrameworksBuildPhase;
			buildActionMask = 2147483647;
			files = (
				5A61AB1C1A900D2A00B06495 /* CoreData.framework in Frameworks */,
			);
			runOnlyForDeploymentPostprocessing = 0;
		};
		5A94E3071A74940300CA1CB8 /* Frameworks */ = {
			isa = PBXFrameworksBuildPhase;
			buildActionMask = 2147483647;
			files = (
			);
			runOnlyForDeploymentPostprocessing = 0;
		};
/* End PBXFrameworksBuildPhase section */

/* Begin PBXGroup section */
		5A2699811AACE97E0018D393 /* Nib Rendering */ = {
			isa = PBXGroup;
			children = (
				5A2699861AACEC5D0018D393 /* NibDesignable.swift */,
			);
			name = "Nib Rendering";
			sourceTree = "<group>";
		};
		5A61AB1D1A900D3400B06495 /* Frameworks */ = {
			isa = PBXGroup;
			children = (
				5A61AB1B1A900D2A00B06495 /* CoreData.framework */,
			);
			name = Frameworks;
			sourceTree = "<group>";
		};
		5A94E2EC1A74940200CA1CB8 = {
			isa = PBXGroup;
			children = (
				5A94E2F71A74940300CA1CB8 /* Hootly */,
				5A94E30D1A74940300CA1CB8 /* HootlyTests */,
				5A94E2F61A74940300CA1CB8 /* Products */,
				5A61AB1D1A900D3400B06495 /* Frameworks */,
			);
			sourceTree = "<group>";
		};
		5A94E2F61A74940300CA1CB8 /* Products */ = {
			isa = PBXGroup;
			children = (
				5A94E2F51A74940300CA1CB8 /* Hootly.app */,
				5A94E30A1A74940300CA1CB8 /* HootlyTests.xctest */,
			);
			name = Products;
			sourceTree = "<group>";
		};
		5A94E2F71A74940300CA1CB8 /* Hootly */ = {
			isa = PBXGroup;
			children = (
				5A94E2FA1A74940300CA1CB8 /* AppDelegate.swift */,
				5A59CB761ABB4EEB00C6085F /* UIButton+MinBox.swift */,
				5A94E2FC1A74940300CA1CB8 /* ViewController.swift */,
				5A2699881AAD0ED00018D393 /* ProfileViewController.swift */,
				5A9768691A88086E00229E7E /* NewHootViewController.swift */,
				5A37D1891A7D9170006AAC65 /* SingleHootViewController.swift */,
				5A94E31C1A749F6600CA1CB8 /* HootCell.swift */,
				5A94E2FE1A74940300CA1CB8 /* Main.storyboard */,
				D1839CBA1A9192FA00C87B19 /* LocationPrompt.swift */,
				5ACCCE161A9D97F3000BD67C /* SingleCommentCell.swift */,
				5A37D1941A7DD7EB006AAC65 /* CommentView.swift */,
				5A37D1921A7DD60D006AAC65 /* CommentView.xib */,
				5A97686F1A88262D00229E7E /* CommentFormView.swift */,
				D12280BD1A87F2F100CDDFB8 /* CommentFormView.xib */,
				5A2699811AACE97E0018D393 /* Nib Rendering */,
				5A9768751A88493000229E7E /* Outside Code */,
				5A82480F1A92B4630055E334 /* HootAPIToCoreData.swift */,
				5A61AB1E1A900E6400B06495 /* Hootly.xcdatamodeld */,
				5A26998A1AAD194A0018D393 /* Hoot.swift */,
				5ADAE5C51AA43B3C00BC4449 /* HootComment.swift */,
				5AAFBE151A9446D5009003B9 /* Hoot+ImageForTableView.swift */,
				5A94E3011A74940300CA1CB8 /* Images.xcassets */,
				5A94E3031A74940300CA1CB8 /* LaunchScreen.xib */,
				5A94E2F81A74940300CA1CB8 /* Supporting Files */,
				5A9768711A88492A00229E7E /* Hootly-Bridging-Header.h */,
			);
			path = Hootly;
			sourceTree = "<group>";
		};
		5A94E2F81A74940300CA1CB8 /* Supporting Files */ = {
			isa = PBXGroup;
			children = (
				5A94E2F91A74940300CA1CB8 /* Info.plist */,
			);
			name = "Supporting Files";
			sourceTree = "<group>";
		};
		5A94E30D1A74940300CA1CB8 /* HootlyTests */ = {
			isa = PBXGroup;
			children = (
				5A94E3101A74940300CA1CB8 /* HootlyTests.swift */,
				5A94E30E1A74940300CA1CB8 /* Supporting Files */,
			);
			path = HootlyTests;
			sourceTree = "<group>";
		};
		5A94E30E1A74940300CA1CB8 /* Supporting Files */ = {
			isa = PBXGroup;
			children = (
				5A94E30F1A74940300CA1CB8 /* Info.plist */,
			);
			name = "Supporting Files";
			sourceTree = "<group>";
		};
		5A9768751A88493000229E7E /* Outside Code */ = {
			isa = PBXGroup;
			children = (
				5A9768721A88492B00229E7E /* SZTextView.h */,
				5A9768731A88492B00229E7E /* SZTextView.m */,
				5A716FF81A9D69B00023F705 /* NSMutableData+MultipartFormData.h */,
				5A716FF91A9D69B00023F705 /* NSMutableData+MultipartFormData.m */,
			);
			name = "Outside Code";
			sourceTree = "<group>";
		};
/* End PBXGroup section */

/* Begin PBXNativeTarget section */
		5A94E2F41A74940300CA1CB8 /* Hootly */ = {
			isa = PBXNativeTarget;
			buildConfigurationList = 5A94E3141A74940300CA1CB8 /* Build configuration list for PBXNativeTarget "Hootly" */;
			buildPhases = (
				5A94E2F11A74940300CA1CB8 /* Sources */,
				5A94E2F21A74940300CA1CB8 /* Frameworks */,
				5A94E2F31A74940300CA1CB8 /* Resources */,
			);
			buildRules = (
			);
			dependencies = (
			);
			name = Hootly;
			productName = Hootly;
			productReference = 5A94E2F51A74940300CA1CB8 /* Hootly.app */;
			productType = "com.apple.product-type.application";
		};
		5A94E3091A74940300CA1CB8 /* HootlyTests */ = {
			isa = PBXNativeTarget;
			buildConfigurationList = 5A94E3171A74940300CA1CB8 /* Build configuration list for PBXNativeTarget "HootlyTests" */;
			buildPhases = (
				5A94E3061A74940300CA1CB8 /* Sources */,
				5A94E3071A74940300CA1CB8 /* Frameworks */,
				5A94E3081A74940300CA1CB8 /* Resources */,
			);
			buildRules = (
			);
			dependencies = (
				5A94E30C1A74940300CA1CB8 /* PBXTargetDependency */,
			);
			name = HootlyTests;
			productName = HootlyTests;
			productReference = 5A94E30A1A74940300CA1CB8 /* HootlyTests.xctest */;
			productType = "com.apple.product-type.bundle.unit-test";
		};
/* End PBXNativeTarget section */

/* Begin PBXProject section */
		5A94E2ED1A74940300CA1CB8 /* Project object */ = {
			isa = PBXProject;
			attributes = {
				LastUpgradeCheck = 0610;
				ORGANIZATIONNAME = "Octave Labs LLC";
				TargetAttributes = {
					5A94E2F41A74940300CA1CB8 = {
						CreatedOnToolsVersion = 6.1.1;
						DevelopmentTeam = 8TCDK8463J;
					};
					5A94E3091A74940300CA1CB8 = {
						CreatedOnToolsVersion = 6.1.1;
						TestTargetID = 5A94E2F41A74940300CA1CB8;
					};
				};
			};
			buildConfigurationList = 5A94E2F01A74940300CA1CB8 /* Build configuration list for PBXProject "Hootly" */;
			compatibilityVersion = "Xcode 3.2";
			developmentRegion = English;
			hasScannedForEncodings = 0;
			knownRegions = (
				en,
				Base,
			);
			mainGroup = 5A94E2EC1A74940200CA1CB8;
			productRefGroup = 5A94E2F61A74940300CA1CB8 /* Products */;
			projectDirPath = "";
			projectRoot = "";
			targets = (
				5A94E2F41A74940300CA1CB8 /* Hootly */,
				5A94E3091A74940300CA1CB8 /* HootlyTests */,
			);
		};
/* End PBXProject section */

/* Begin PBXResourcesBuildPhase section */
		5A94E2F31A74940300CA1CB8 /* Resources */ = {
			isa = PBXResourcesBuildPhase;
			buildActionMask = 2147483647;
			files = (
				5A94E3001A74940300CA1CB8 /* Main.storyboard in Resources */,
				D12280BE1A87F2F100CDDFB8 /* CommentFormView.xib in Resources */,
				5A94E3051A74940300CA1CB8 /* LaunchScreen.xib in Resources */,
				5A37D1931A7DD60D006AAC65 /* CommentView.xib in Resources */,
				5A94E3021A74940300CA1CB8 /* Images.xcassets in Resources */,
			);
			runOnlyForDeploymentPostprocessing = 0;
		};
		5A94E3081A74940300CA1CB8 /* Resources */ = {
			isa = PBXResourcesBuildPhase;
			buildActionMask = 2147483647;
			files = (
			);
			runOnlyForDeploymentPostprocessing = 0;
		};
/* End PBXResourcesBuildPhase section */

/* Begin PBXSourcesBuildPhase section */
		5A94E2F11A74940300CA1CB8 /* Sources */ = {
			isa = PBXSourcesBuildPhase;
			buildActionMask = 2147483647;
			files = (
				5A37D1951A7DD7EB006AAC65 /* CommentView.swift in Sources */,
				5A716FFA1A9D69B00023F705 /* NSMutableData+MultipartFormData.m in Sources */,
				5ACCCE171A9D97F3000BD67C /* SingleCommentCell.swift in Sources */,
				5A94E2FD1A74940300CA1CB8 /* ViewController.swift in Sources */,
				5A9768701A88262D00229E7E /* CommentFormView.swift in Sources */,
				5A61AB201A900E6400B06495 /* Hootly.xcdatamodeld in Sources */,
				5A2699891AAD0ED00018D393 /* ProfileViewController.swift in Sources */,
				5ADAE5C61AA43B3C00BC4449 /* HootComment.swift in Sources */,
				5A37D18A1A7D9170006AAC65 /* SingleHootViewController.swift in Sources */,
				5AAFBE161A9446D5009003B9 /* Hoot+ImageForTableView.swift in Sources */,
				5A9768741A88492B00229E7E /* SZTextView.m in Sources */,
				5A2699871AACEC5D0018D393 /* NibDesignable.swift in Sources */,
				5A97686A1A88086E00229E7E /* NewHootViewController.swift in Sources */,
				5A26998B1AAD194A0018D393 /* Hoot.swift in Sources */,
				5A94E2FB1A74940300CA1CB8 /* AppDelegate.swift in Sources */,
				D1839CBB1A9192FA00C87B19 /* LocationPrompt.swift in Sources */,
				5A59CB771ABB4EEB00C6085F /* UIButton+MinBox.swift in Sources */,
				5A94E31D1A749F6600CA1CB8 /* HootCell.swift in Sources */,
				5A8248101A92B4630055E334 /* HootAPIToCoreData.swift in Sources */,
			);
			runOnlyForDeploymentPostprocessing = 0;
		};
		5A94E3061A74940300CA1CB8 /* Sources */ = {
			isa = PBXSourcesBuildPhase;
			buildActionMask = 2147483647;
			files = (
				5A94E3111A74940300CA1CB8 /* HootlyTests.swift in Sources */,
			);
			runOnlyForDeploymentPostprocessing = 0;
		};
/* End PBXSourcesBuildPhase section */

/* Begin PBXTargetDependency section */
		5A94E30C1A74940300CA1CB8 /* PBXTargetDependency */ = {
			isa = PBXTargetDependency;
			target = 5A94E2F41A74940300CA1CB8 /* Hootly */;
			targetProxy = 5A94E30B1A74940300CA1CB8 /* PBXContainerItemProxy */;
		};
/* End PBXTargetDependency section */

/* Begin PBXVariantGroup section */
		5A94E2FE1A74940300CA1CB8 /* Main.storyboard */ = {
			isa = PBXVariantGroup;
			children = (
				5A94E2FF1A74940300CA1CB8 /* Base */,
			);
			name = Main.storyboard;
			sourceTree = "<group>";
		};
		5A94E3031A74940300CA1CB8 /* LaunchScreen.xib */ = {
			isa = PBXVariantGroup;
			children = (
				5A94E3041A74940300CA1CB8 /* Base */,
			);
			name = LaunchScreen.xib;
			sourceTree = "<group>";
		};
/* End PBXVariantGroup section */

/* Begin XCBuildConfiguration section */
		5A94E3121A74940300CA1CB8 /* Debug */ = {
			isa = XCBuildConfiguration;
			buildSettings = {
				ALWAYS_SEARCH_USER_PATHS = NO;
				CLANG_CXX_LANGUAGE_STANDARD = "gnu++0x";
				CLANG_CXX_LIBRARY = "libc++";
				CLANG_ENABLE_MODULES = YES;
				CLANG_ENABLE_OBJC_ARC = YES;
				CLANG_WARN_BOOL_CONVERSION = YES;
				CLANG_WARN_CONSTANT_CONVERSION = YES;
				CLANG_WARN_DIRECT_OBJC_ISA_USAGE = YES_ERROR;
				CLANG_WARN_EMPTY_BODY = YES;
				CLANG_WARN_ENUM_CONVERSION = YES;
				CLANG_WARN_INT_CONVERSION = YES;
				CLANG_WARN_OBJC_ROOT_CLASS = YES_ERROR;
				CLANG_WARN_UNREACHABLE_CODE = YES;
				CLANG_WARN__DUPLICATE_METHOD_MATCH = YES;
				"CODE_SIGN_IDENTITY[sdk=iphoneos*]" = "iPhone Developer";
				COPY_PHASE_STRIP = NO;
				ENABLE_STRICT_OBJC_MSGSEND = YES;
				GCC_C_LANGUAGE_STANDARD = gnu99;
				GCC_DYNAMIC_NO_PIC = NO;
				GCC_OPTIMIZATION_LEVEL = 0;
				GCC_PREPROCESSOR_DEFINITIONS = (
					"DEBUG=1",
					"$(inherited)",
				);
				GCC_SYMBOLS_PRIVATE_EXTERN = NO;
				GCC_WARN_64_TO_32_BIT_CONVERSION = YES;
				GCC_WARN_ABOUT_RETURN_TYPE = YES_ERROR;
				GCC_WARN_UNDECLARED_SELECTOR = YES;
				GCC_WARN_UNINITIALIZED_AUTOS = YES_AGGRESSIVE;
				GCC_WARN_UNUSED_FUNCTION = YES;
				GCC_WARN_UNUSED_VARIABLE = YES;
				IPHONEOS_DEPLOYMENT_TARGET = 8.1;
				MTL_ENABLE_DEBUG_INFO = YES;
				ONLY_ACTIVE_ARCH = YES;
				SDKROOT = iphoneos;
				SWIFT_OPTIMIZATION_LEVEL = "-Onone";
				TARGETED_DEVICE_FAMILY = "1,2";
			};
			name = Debug;
		};
		5A94E3131A74940300CA1CB8 /* Release */ = {
			isa = XCBuildConfiguration;
			buildSettings = {
				ALWAYS_SEARCH_USER_PATHS = NO;
				CLANG_CXX_LANGUAGE_STANDARD = "gnu++0x";
				CLANG_CXX_LIBRARY = "libc++";
				CLANG_ENABLE_MODULES = YES;
				CLANG_ENABLE_OBJC_ARC = YES;
				CLANG_WARN_BOOL_CONVERSION = YES;
				CLANG_WARN_CONSTANT_CONVERSION = YES;
				CLANG_WARN_DIRECT_OBJC_ISA_USAGE = YES_ERROR;
				CLANG_WARN_EMPTY_BODY = YES;
				CLANG_WARN_ENUM_CONVERSION = YES;
				CLANG_WARN_INT_CONVERSION = YES;
				CLANG_WARN_OBJC_ROOT_CLASS = YES_ERROR;
				CLANG_WARN_UNREACHABLE_CODE = YES;
				CLANG_WARN__DUPLICATE_METHOD_MATCH = YES;
				"CODE_SIGN_IDENTITY[sdk=iphoneos*]" = "iPhone Developer";
				COPY_PHASE_STRIP = YES;
				ENABLE_NS_ASSERTIONS = NO;
				ENABLE_STRICT_OBJC_MSGSEND = YES;
				GCC_C_LANGUAGE_STANDARD = gnu99;
				GCC_WARN_64_TO_32_BIT_CONVERSION = YES;
				GCC_WARN_ABOUT_RETURN_TYPE = YES_ERROR;
				GCC_WARN_UNDECLARED_SELECTOR = YES;
				GCC_WARN_UNINITIALIZED_AUTOS = YES_AGGRESSIVE;
				GCC_WARN_UNUSED_FUNCTION = YES;
				GCC_WARN_UNUSED_VARIABLE = YES;
				IPHONEOS_DEPLOYMENT_TARGET = 8.1;
				MTL_ENABLE_DEBUG_INFO = NO;
				SDKROOT = iphoneos;
				TARGETED_DEVICE_FAMILY = "1,2";
				VALIDATE_PRODUCT = YES;
			};
			name = Release;
		};
		5A94E3151A74940300CA1CB8 /* Debug */ = {
			isa = XCBuildConfiguration;
			buildSettings = {
				ASSETCATALOG_COMPILER_APPICON_NAME = AppIcon;
				ASSETCATALOG_COMPILER_LAUNCHIMAGE_NAME = LaunchImage;
				CLANG_ENABLE_MODULES = YES;
				CODE_SIGN_IDENTITY = "iPhone Developer";
				"CODE_SIGN_IDENTITY[sdk=iphoneos*]" = "iPhone Developer";
				INFOPLIST_FILE = Hootly/Info.plist;
				LD_RUNPATH_SEARCH_PATHS = "$(inherited) @executable_path/Frameworks";
				PRODUCT_NAME = "$(TARGET_NAME)";
				PROVISIONING_PROFILE = "";
				SWIFT_OBJC_BRIDGING_HEADER = "Hootly/Hootly-Bridging-Header.h";
				SWIFT_OPTIMIZATION_LEVEL = "-Onone";
				TARGETED_DEVICE_FAMILY = 1;
			};
			name = Debug;
		};
		5A94E3161A74940300CA1CB8 /* Release */ = {
			isa = XCBuildConfiguration;
			buildSettings = {
				ASSETCATALOG_COMPILER_APPICON_NAME = AppIcon;
				ASSETCATALOG_COMPILER_LAUNCHIMAGE_NAME = LaunchImage;
				CLANG_ENABLE_MODULES = YES;
				CODE_SIGN_IDENTITY = "iPhone Developer";
				"CODE_SIGN_IDENTITY[sdk=iphoneos*]" = "iPhone Developer";
				INFOPLIST_FILE = Hootly/Info.plist;
				LD_RUNPATH_SEARCH_PATHS = "$(inherited) @executable_path/Frameworks";
				PRODUCT_NAME = "$(TARGET_NAME)";
				PROVISIONING_PROFILE = "";
				SWIFT_OBJC_BRIDGING_HEADER = "Hootly/Hootly-Bridging-Header.h";
				TARGETED_DEVICE_FAMILY = 1;
			};
			name = Release;
		};
		5A94E3181A74940300CA1CB8 /* Debug */ = {
			isa = XCBuildConfiguration;
			buildSettings = {
				BUNDLE_LOADER = "$(TEST_HOST)";
				FRAMEWORK_SEARCH_PATHS = (
					"$(SDKROOT)/Developer/Library/Frameworks",
					"$(inherited)",
				);
				GCC_PREPROCESSOR_DEFINITIONS = (
					"DEBUG=1",
					"$(inherited)",
				);
				INFOPLIST_FILE = HootlyTests/Info.plist;
				LD_RUNPATH_SEARCH_PATHS = "$(inherited) @executable_path/Frameworks @loader_path/Frameworks";
				PRODUCT_NAME = "$(TARGET_NAME)";
				TEST_HOST = "$(BUILT_PRODUCTS_DIR)/Hootly.app/Hootly";
			};
			name = Debug;
		};
		5A94E3191A74940300CA1CB8 /* Release */ = {
			isa = XCBuildConfiguration;
			buildSettings = {
				BUNDLE_LOADER = "$(TEST_HOST)";
				FRAMEWORK_SEARCH_PATHS = (
					"$(SDKROOT)/Developer/Library/Frameworks",
					"$(inherited)",
				);
				INFOPLIST_FILE = HootlyTests/Info.plist;
				LD_RUNPATH_SEARCH_PATHS = "$(inherited) @executable_path/Frameworks @loader_path/Frameworks";
				PRODUCT_NAME = "$(TARGET_NAME)";
				TEST_HOST = "$(BUILT_PRODUCTS_DIR)/Hootly.app/Hootly";
			};
			name = Release;
		};
/* End XCBuildConfiguration section */

/* Begin XCConfigurationList section */
		5A94E2F01A74940300CA1CB8 /* Build configuration list for PBXProject "Hootly" */ = {
			isa = XCConfigurationList;
			buildConfigurations = (
				5A94E3121A74940300CA1CB8 /* Debug */,
				5A94E3131A74940300CA1CB8 /* Release */,
			);
			defaultConfigurationIsVisible = 0;
			defaultConfigurationName = Release;
		};
		5A94E3141A74940300CA1CB8 /* Build configuration list for PBXNativeTarget "Hootly" */ = {
			isa = XCConfigurationList;
			buildConfigurations = (
				5A94E3151A74940300CA1CB8 /* Debug */,
				5A94E3161A74940300CA1CB8 /* Release */,
			);
			defaultConfigurationIsVisible = 0;
			defaultConfigurationName = Release;
		};
		5A94E3171A74940300CA1CB8 /* Build configuration list for PBXNativeTarget "HootlyTests" */ = {
			isa = XCConfigurationList;
			buildConfigurations = (
				5A94E3181A74940300CA1CB8 /* Debug */,
				5A94E3191A74940300CA1CB8 /* Release */,
			);
			defaultConfigurationIsVisible = 0;
			defaultConfigurationName = Release;
		};
/* End XCConfigurationList section */

/* Begin XCVersionGroup section */
		5A61AB1E1A900E6400B06495 /* Hootly.xcdatamodeld */ = {
			isa = XCVersionGroup;
			children = (
				5A61AB1F1A900E6400B06495 /* Hootly.xcdatamodel */,
			);
			currentVersion = 5A61AB1F1A900E6400B06495 /* Hootly.xcdatamodel */;
			path = Hootly.xcdatamodeld;
			sourceTree = "<group>";
			versionGroupType = wrapper.xcdatamodel;
		};
/* End XCVersionGroup section */
	};
	rootObject = 5A94E2ED1A74940300CA1CB8 /* Project object */;
}
